
Microsoft Visual Studio Solution File, Format Version 12.00
# Visual Studio Version 17
VisualStudioVersion = 17.10.34916.146
MinimumVisualStudioVersion = 10.0.40219.1
Project("{9A19103F-16F7-4668-BE54-9A1E7A4F7556}") = "Entities", "Entities\Entities.csproj", "{64AF7078-BD95-42CD-A851-6D0E0212452C}"
EndProject
Project("{9A19103F-16F7-4668-BE54-9A1E7A4F7556}") = "DataAccess", "DataAccess\DataAccess.csproj", "{0EE2DB04-B5FA-4411-9F37-6EE66D69D37A}"
EndProject
Project("{9A19103F-16F7-4668-BE54-9A1E7A4F7556}") = "Business", "Business\Business.csproj", "{8DF32406-97CD-4C6A-A64B-3B89F60AFA4A}"
	ProjectSection(ProjectDependencies) = postProject
		{0EE2DB04-B5FA-4411-9F37-6EE66D69D37A} = {0EE2DB04-B5FA-4411-9F37-6EE66D69D37A}
	EndProjectSection
EndProject
Project("{9A19103F-16F7-4668-BE54-9A1E7A4F7556}") = "ConsoleUI", "ConsoleUI\ConsoleUI.csproj", "{82CD0B67-E383-4536-8AA0-F83BFFAE580F}"
EndProject
Project("{9A19103F-16F7-4668-BE54-9A1E7A4F7556}") = "Core", "Core\Core.csproj", "{F897DB7B-87FE-4233-BAC2-FBED92089B32}"
EndProject
Project("{9A19103F-16F7-4668-BE54-9A1E7A4F7556}") = "WebAPI", "WebAPI\WebAPI.csproj", "{EFF3EF4D-472E-4776-9211-989A24B4AF52}"
EndProject
Project("{2150E333-8FDC-42A3-9474-1A3956D46DE8}") = "Uploads", "Uploads", "{61220969-A7D9-4A4F-A4F9-E45B1C1CB4F8}"
EndProject
Project("{2150E333-8FDC-42A3-9474-1A3956D46DE8}") = "CarImages", "CarImages", "{9930D81E-3A15-4A39-9DDD-6275E0E9D60F}"
	ProjectSection(SolutionItems) = preProject
		..\..\550e8400-e29b-41d4-a716-446655440000.jpg = ..\..\550e8400-e29b-41d4-a716-446655440000.jpg
		..\..\9f1b1b23-3a2b-4a1f-b7e3-5b67d6a6e556.jpg = ..\..\9f1b1b23-3a2b-4a1f-b7e3-5b67d6a6e556.jpg
		..\..\DefaultImage.jpg = ..\..\DefaultImage.jpg
		..\..\f47ac10b-58cc-4372-a567-0e02b2c3d479.jpg = ..\..\f47ac10b-58cc-4372-a567-0e02b2c3d479.jpg
	EndProjectSection
EndProject
Global
	GlobalSection(SolutionConfigurationPlatforms) = preSolution
		Debug|Any CPU = Debug|Any CPU
		Release|Any CPU = Release|Any CPU
	EndGlobalSection
	GlobalSection(ProjectConfigurationPlatforms) = postSolution
		{64AF7078-BD95-42CD-A851-6D0E0212452C}.Debug|Any CPU.ActiveCfg = Debug|Any CPU
		{64AF7078-BD95-42CD-A851-6D0E0212452C}.Debug|Any CPU.Build.0 = Debug|Any CPU
		{64AF7078-BD95-42CD-A851-6D0E0212452C}.Release|Any CPU.ActiveCfg = Release|Any CPU
		{64AF7078-BD95-42CD-A851-6D0E0212452C}.Release|Any CPU.Build.0 = Release|Any CPU
		{0EE2DB04-B5FA-4411-9F37-6EE66D69D37A}.Debug|Any CPU.ActiveCfg = Debug|Any CPU
		{0EE2DB04-B5FA-4411-9F37-6EE66D69D37A}.Debug|Any CPU.Build.0 = Debug|Any CPU
		{0EE2DB04-B5FA-4411-9F37-6EE66D69D37A}.Release|Any CPU.ActiveCfg = Release|Any CPU
		{0EE2DB04-B5FA-4411-9F37-6EE66D69D37A}.Release|Any CPU.Build.0 = Release|Any CPU
		{8DF32406-97CD-4C6A-A64B-3B89F60AFA4A}.Debug|Any CPU.ActiveCfg = Debug|Any CPU
		{8DF32406-97CD-4C6A-A64B-3B89F60AFA4A}.Debug|Any CPU.Build.0 = Debug|Any CPU
		{8DF32406-97CD-4C6A-A64B-3B89F60AFA4A}.Release|Any CPU.ActiveCfg = Release|Any CPU
		{8DF32406-97CD-4C6A-A64B-3B89F60AFA4A}.Release|Any CPU.Build.0 = Release|Any CPU
		{82CD0B67-E383-4536-8AA0-F83BFFAE580F}.Debug|Any CPU.ActiveCfg = Debug|Any CPU
		{82CD0B67-E383-4536-8AA0-F83BFFAE580F}.Debug|Any CPU.Build.0 = Debug|Any CPU
		{82CD0B67-E383-4536-8AA0-F83BFFAE580F}.Release|Any CPU.ActiveCfg = Release|Any CPU
		{82CD0B67-E383-4536-8AA0-F83BFFAE580F}.Release|Any CPU.Build.0 = Release|Any CPU
		{F897DB7B-87FE-4233-BAC2-FBED92089B32}.Debug|Any CPU.ActiveCfg = Debug|Any CPU
		{F897DB7B-87FE-4233-BAC2-FBED92089B32}.Debug|Any CPU.Build.0 = Debug|Any CPU
		{F897DB7B-87FE-4233-BAC2-FBED92089B32}.Release|Any CPU.ActiveCfg = Release|Any CPU
		{F897DB7B-87FE-4233-BAC2-FBED92089B32}.Release|Any CPU.Build.0 = Release|Any CPU
		{EFF3EF4D-472E-4776-9211-989A24B4AF52}.Debug|Any CPU.ActiveCfg = Debug|Any CPU
		{EFF3EF4D-472E-4776-9211-989A24B4AF52}.Debug|Any CPU.Build.0 = Debug|Any CPU
		{EFF3EF4D-472E-4776-9211-989A24B4AF52}.Release|Any CPU.ActiveCfg = Release|Any CPU
		{EFF3EF4D-472E-4776-9211-989A24B4AF52}.Release|Any CPU.Build.0 = Release|Any CPU
	EndGlobalSection
	GlobalSection(SolutionProperties) = preSolution
		HideSolutionNode = FALSE
	EndGlobalSection
	GlobalSection(NestedProjects) = preSolution
		{9930D81E-3A15-4A39-9DDD-6275E0E9D60F} = {61220969-A7D9-4A4F-A4F9-E45B1C1CB4F8}
	EndGlobalSection
	GlobalSection(ExtensibilityGlobals) = postSolution
		SolutionGuid = {3E49DF1C-860B-4C11-9BE4-9D54043507C7}
	EndGlobalSection
EndGlobal
